
Microsoft Visual Studio Solution File, Format Version 12.00
# Visual Studio Version 17
VisualStudioVersion = 17.14.36414.22 d17.14
MinimumVisualStudioVersion = 10.0.40219.1
Project("{FAE04EC0-301F-11D3-BF4B-00C04F79EFBC}") = "tas_kagıt_makas_oyunu", "tas_kagıt_makas_oyunu\tas_kagıt_makas_oyunu.csproj", "{1AE2AD1F-2C98-4E0A-BDBB-52237D705B61}"
EndProject
Global
	GlobalSection(SolutionConfigurationPlatforms) = preSolution
		Debug|Any CPU = Debug|Any CPU
		Release|Any CPU = Release|Any CPU
	EndGlobalSection
	GlobalSection(ProjectConfigurationPlatforms) = postSolution
		{1AE2AD1F-2C98-4E0A-BDBB-52237D705B61}.Debug|Any CPU.ActiveCfg = Debug|Any CPU
		{1AE2AD1F-2C98-4E0A-BDBB-52237D705B61}.Debug|Any CPU.Build.0 = Debug|Any CPU
		{1AE2AD1F-2C98-4E0A-BDBB-52237D705B61}.Release|Any CPU.ActiveCfg = Release|Any CPU
		{1AE2AD1F-2C98-4E0A-BDBB-52237D705B61}.Release|Any CPU.Build.0 = Release|Any CPU
	EndGlobalSection
	GlobalSection(SolutionProperties) = preSolution
		HideSolutionNode = FALSE
	EndGlobalSection
	GlobalSection(ExtensibilityGlobals) = postSolution
		SolutionGuid = {B5762C47-02EC-4915-B303-CE36678A9B9C}
	EndGlobalSection
EndGlobal
